{
  "name": "password-generator",
  "lockfileVersion": 3,
  "requires": true,
  "packages": {
    "": {
      "name": "password-generator",
      "devDependencies": {
        "wordnet-db": "3.1.14"
      },
      "engines": {
        "node": ">=22"
      }
    },
    "node_modules/wordnet-db": {
      "version": "3.1.14",
      "resolved": "https://registry.npmjs.org/wordnet-db/-/wordnet-db-3.1.14.tgz",
      "integrity": "sha512-zVyFsvE+mq9MCmwXUWHIcpfbrHHClZWZiVOzKSxNJruIcFn2RbY55zkhiAMMxM8zCVSmtNiViq8FsAZSFpMYag==",
      "dev": true,
      "license": "MIT",
      "engines": {
        "node": ">=0.6.0"
      }
    }
  }
}
